
Microsoft Visual Studio Solution File, Format Version 12.00
# Visual Studio 14
VisualStudioVersion = 14.0.25420.1
MinimumVisualStudioVersion = 10.0.40219.1
Project("{FAE04EC0-301F-11D3-BF4B-00C04F79EFBC}") = "support-chat", "support-chat\support-chat.csproj", "{AB2797D4-753D-4494-9144-836692317940}"
EndProject
Global
	GlobalSection(SolutionConfigurationPlatforms) = preSolution
		Debug|Any CPU = Debug|Any CPU
		Release|Any CPU = Release|Any CPU
	EndGlobalSection
	GlobalSection(ProjectConfigurationPlatforms) = postSolution
		{AB2797D4-753D-4494-9144-836692317940}.Debug|Any CPU.ActiveCfg = Debug|Any CPU
		{AB2797D4-753D-4494-9144-836692317940}.Debug|Any CPU.Build.0 = Debug|Any CPU
		{AB2797D4-753D-4494-9144-836692317940}.Release|Any CPU.ActiveCfg = Release|Any CPU
		{AB2797D4-753D-4494-9144-836692317940}.Release|Any CPU.Build.0 = Release|Any CPU
	EndGlobalSection
	GlobalSection(SolutionProperties) = preSolution
		HideSolutionNode = FALSE
	EndGlobalSection
EndGlobal
